
Microsoft Visual Studio Solution File, Format Version 12.00
Project("{FAE04EC0-301F-11D3-BF4B-00C04F79EFBC}") = "KPO_hw", "KPO_hw\KPO_hw.csproj", "{4272E7EF-7934-4512-95E3-C9B3297C8376}"
EndProject
Global
	GlobalSection(SolutionConfigurationPlatforms) = preSolution
		Debug|Any CPU = Debug|Any CPU
		Release|Any CPU = Release|Any CPU
	EndGlobalSection
	GlobalSection(ProjectConfigurationPlatforms) = postSolution
		{4272E7EF-7934-4512-95E3-C9B3297C8376}.Debug|Any CPU.ActiveCfg = Debug|Any CPU
		{4272E7EF-7934-4512-95E3-C9B3297C8376}.Debug|Any CPU.Build.0 = Debug|Any CPU
		{4272E7EF-7934-4512-95E3-C9B3297C8376}.Release|Any CPU.ActiveCfg = Release|Any CPU
		{4272E7EF-7934-4512-95E3-C9B3297C8376}.Release|Any CPU.Build.0 = Release|Any CPU
	EndGlobalSection
EndGlobal
